
Microsoft Visual Studio Solution File, Format Version 12.00
# Visual Studio Version 17
VisualStudioVersion = 17.0.31903.59
MinimumVisualStudioVersion = 10.0.40219.1
Project("{FAE04EC0-301F-11D3-BF4B-00C04F79EFBC}") = "IntelliCook.AppController.Api", "IntelliCook.AppController.Api\IntelliCook.AppController.Api.csproj", "{EB25DA75-1662-48AB-823E-D9D059B555FE}"
EndProject
Project("{FAE04EC0-301F-11D3-BF4B-00C04F79EFBC}") = "IntelliCook.AppController.Api.UnitTests", "IntelliCook.AppController.Api.UnitTests\IntelliCook.AppController.Api.UnitTests.csproj", "{B280591D-E012-4A15-BAA5-B29C2466E256}"
EndProject
Project("{FAE04EC0-301F-11D3-BF4B-00C04F79EFBC}") = "IntelliCook.AppController.Api.E2ETests", "IntelliCook.AppController.Api.E2ETests\IntelliCook.AppController.Api.E2ETests.csproj", "{73A9D6CB-B536-4A7C-9999-E31FE782C34A}"
EndProject
Project("{2150E333-8FDC-42A3-9474-1A3956D46DE8}") = "Solution Items", "Solution Items", "{B22821A5-E695-4756-9AC5-D5BF692B57D1}"
	ProjectSection(SolutionItems) = preProject
		docker-compose.yml = docker-compose.yml
	EndProjectSection
EndProject
Global
	GlobalSection(SolutionConfigurationPlatforms) = preSolution
		Debug|Any CPU = Debug|Any CPU
		Release|Any CPU = Release|Any CPU
	EndGlobalSection
	GlobalSection(SolutionProperties) = preSolution
		HideSolutionNode = FALSE
	EndGlobalSection
	GlobalSection(ProjectConfigurationPlatforms) = postSolution
		{EB25DA75-1662-48AB-823E-D9D059B555FE}.Debug|Any CPU.ActiveCfg = Debug|Any CPU
		{EB25DA75-1662-48AB-823E-D9D059B555FE}.Debug|Any CPU.Build.0 = Debug|Any CPU
		{EB25DA75-1662-48AB-823E-D9D059B555FE}.Release|Any CPU.ActiveCfg = Release|Any CPU
		{EB25DA75-1662-48AB-823E-D9D059B555FE}.Release|Any CPU.Build.0 = Release|Any CPU
		{B280591D-E012-4A15-BAA5-B29C2466E256}.Debug|Any CPU.ActiveCfg = Debug|Any CPU
		{B280591D-E012-4A15-BAA5-B29C2466E256}.Debug|Any CPU.Build.0 = Debug|Any CPU
		{B280591D-E012-4A15-BAA5-B29C2466E256}.Release|Any CPU.ActiveCfg = Release|Any CPU
		{B280591D-E012-4A15-BAA5-B29C2466E256}.Release|Any CPU.Build.0 = Release|Any CPU
		{73A9D6CB-B536-4A7C-9999-E31FE782C34A}.Debug|Any CPU.ActiveCfg = Debug|Any CPU
		{73A9D6CB-B536-4A7C-9999-E31FE782C34A}.Debug|Any CPU.Build.0 = Debug|Any CPU
		{73A9D6CB-B536-4A7C-9999-E31FE782C34A}.Release|Any CPU.ActiveCfg = Release|Any CPU
		{73A9D6CB-B536-4A7C-9999-E31FE782C34A}.Release|Any CPU.Build.0 = Release|Any CPU
	EndGlobalSection
EndGlobal
